{
  "name": "Quiz for Organic",
  "lockfileVersion": 3,
  "requires": true,
  "packages": {
    "": {
      "dependencies": {
        "kekule": "^1.0.3"
      }
    },
    "node_modules/kekule": {
      "version": "1.0.3",
      "resolved": "https://registry.npmjs.org/kekule/-/kekule-1.0.3.tgz",
      "integrity": "sha512-lMV/j8PX9ydJWDY3/n1m6YQLHWwHIIAjJxd98GukHJrB5q8vW10w6+5nYE5SAbGb3xAa4WHre52+ED2PE1bU4g==",
      "engines": {
        "node": ">=0.10"
      }
    }
  }
}
